# @generated by Move, please check-in and do not edit manually.

[move]
version = 3
manifest_digest = "5F7A6336D1122483BFF5A6B2F58A680424703977334D9609B65FF9576BF18336"
deps_digest = "F8BBB0CCB2491CA29A3DF03D6F92277A4F3574266507ACD77214D37ECA3F3082"
dependencies = [
  { id = "Iota", name = "Iota" },
]

[[move.package]]
id = "Iota"
source = { local = "../../.tmp/iota-framework/crates/iota-framework/packages/iota-framework" }

dependencies = [
  { id = "MoveStdlib", name = "MoveStdlib" },
]

[[move.package]]
id = "MoveStdlib"
source = { local = "../../.tmp/iota-framework/crates/iota-framework/packages/move-stdlib" }

[move.toolchain-version]
compiler-version = "1.19.1"
edition = "2024"
flavor = "iota"
